{
  "object": {
    "pins": [
      {
        "package": "combine-schedulers",
        "repositoryURL": "https://github.com/pointfreeco/combine-schedulers",
        "state": {
          "branch": null,
          "revision": "4cf088c29a20f52be0f2ca54992b492c54e0076b",
          "version": "0.5.3"
        }
      },
      {
        "package": "NStackSDK",
        "repositoryURL": "https://github.com/nstack-io/nstack-ios-sdk",
        "state": {
          "branch": "feature/spm-support",
          "revision": "faf1c7d9cbf47e89fbe7b4da593736b2d4bd5d91",
          "version": null
        }
      },
      {
        "package": "swift-case-paths",
        "repositoryURL": "https://github.com/pointfreeco/swift-case-paths",
        "state": {
          "branch": null,
          "revision": "241301b67d8551c26d8f09bd2c0e52cc49f18007",
          "version": "0.8.0"
        }
      },
      {
        "package": "swift-collections",
        "repositoryURL": "https://github.com/apple/swift-collections",
        "state": {
          "branch": null,
          "revision": "48254824bb4248676bf7ce56014ff57b142b77eb",
          "version": "1.0.2"
        }
      },
      {
        "package": "swift-identified-collections",
        "repositoryURL": "https://github.com/pointfreeco/swift-identified-collections",
        "state": {
          "branch": null,
          "revision": "680bf440178a78a627b1c2c64c0855f6523ad5b9",
          "version": "0.3.2"
        }
      },
      {
        "package": "swift-tagged",
        "repositoryURL": "https://github.com/pointfreeco/swift-tagged",
        "state": {
          "branch": null,
          "revision": "f3f773a5e13f3c8f0ab1ce2ae6378058acefa87d",
          "version": "0.7.0"
        }
      },
      {
        "package": "swiftui-navigation",
        "repositoryURL": "https://github.com/pointfreeco/swiftui-navigation",
        "state": {
          "branch": null,
          "revision": "2694c03284a368168b3e0b8d7ab52626802d2246",
          "version": "0.1.0"
        }
      },
      {
        "package": "LocalizationManager",
        "repositoryURL": "https://github.com/nodes-ios/TranslationManager",
        "state": {
          "branch": null,
          "revision": "3cac667c95c7f6df72e5627b3325415709ee8d89",
          "version": "3.1.3"
        }
      },
      {
        "package": "xctest-dynamic-overlay",
        "repositoryURL": "https://github.com/pointfreeco/xctest-dynamic-overlay",
        "state": {
          "branch": null,
          "revision": "16e6409ee82e1b81390bdffbf217b9c08ab32784",
          "version": "0.5.0"
        }
      }
    ]
  },
  "version": 1
}
