// !$*UTF8*$!
{
	archiveVersion = 1;
	classes = {
	};
	objectVersion = 55;
	objects = {

/* Begin PBXBuildFile section */
		BD1B2304274679C100F9B140 /* Localizations in Frameworks */ = {isa = PBXBuildFile; productRef = BD1B2303274679C100F9B140 /* Localizations */; };
		BD2B080727833D070066D559 /* AppFeature in Frameworks */ = {isa = PBXBuildFile; productRef = BD2B080627833D070066D559 /* AppFeature */; };
		BD2FEFDB2768CA5C00E80BBC /* APIClientLive in Frameworks */ = {isa = PBXBuildFile; productRef = BD2FEFDA2768CA5C00E80BBC /* APIClientLive */; };
		BD3196EC2796EC1F0077C271 /* ProjectConfig.swift in Sources */ = {isa = PBXBuildFile; fileRef = BD3196EB2796CC900077C271 /* ProjectConfig.swift */; };
		BDBB62D4281A677300388A3A /* NStack.plist in Resources */ = {isa = PBXBuildFile; fileRef = BDBB62D3281A677300388A3A /* NStack.plist */; };
		BDC6D5E9279183590028D211 /* PersistenceClient in Frameworks */ = {isa = PBXBuildFile; productRef = BDC6D5E8279183590028D211 /* PersistenceClient */; };
		BDCA8DA12742611B00195B05 /* AppDelegate.swift in Sources */ = {isa = PBXBuildFile; fileRef = BDCA8DA02742611B00195B05 /* AppDelegate.swift */; };
		BDCA8DAA2742611D00195B05 /* Assets.xcassets in Resources */ = {isa = PBXBuildFile; fileRef = BDCA8DA92742611D00195B05 /* Assets.xcassets */; };
		BDCA8DAD2742611D00195B05 /* LaunchScreen.storyboard in Resources */ = {isa = PBXBuildFile; fileRef = BDCA8DAB2742611D00195B05 /* LaunchScreen.storyboard */; };
/* End PBXBuildFile section */

/* Begin PBXCopyFilesBuildPhase section */
		BDDAD7AE274D2FD5000FB7D9 /* Embed Frameworks */ = {
			isa = PBXCopyFilesBuildPhase;
			buildActionMask = 2147483647;
			dstPath = "";
			dstSubfolderSpec = 10;
			files = (
			);
			name = "Embed Frameworks";
			runOnlyForDeploymentPostprocessing = 0;
		};
/* End PBXCopyFilesBuildPhase section */

/* Begin PBXFileReference section */
		BD3196E92796CB440077C271 /* Production.xcconfig */ = {isa = PBXFileReference; lastKnownFileType = text.xcconfig; path = Production.xcconfig; sourceTree = "<group>"; };
		BD3196EA2796CB690077C271 /* Test.xcconfig */ = {isa = PBXFileReference; lastKnownFileType = text.xcconfig; path = Test.xcconfig; sourceTree = "<group>"; };
		BD3196EB2796CC900077C271 /* ProjectConfig.swift */ = {isa = PBXFileReference; lastKnownFileType = sourcecode.swift; path = ProjectConfig.swift; sourceTree = "<group>"; };
		BDBB62D3281A677300388A3A /* NStack.plist */ = {isa = PBXFileReference; fileEncoding = 4; lastKnownFileType = text.plist.xml; path = NStack.plist; sourceTree = "<group>"; };
		BDCA8D9D2742611B00195B05 /* PROJECT_NAME.app */ = {isa = PBXFileReference; explicitFileType = wrapper.application; includeInIndex = 0; path = PROJECT_NAME.app; sourceTree = BUILT_PRODUCTS_DIR; };
		BDCA8DA02742611B00195B05 /* AppDelegate.swift */ = {isa = PBXFileReference; lastKnownFileType = sourcecode.swift; path = AppDelegate.swift; sourceTree = "<group>"; };
		BDCA8DA92742611D00195B05 /* Assets.xcassets */ = {isa = PBXFileReference; lastKnownFileType = folder.assetcatalog; path = Assets.xcassets; sourceTree = "<group>"; };
		BDCA8DAC2742611D00195B05 /* Base */ = {isa = PBXFileReference; lastKnownFileType = file.storyboard; name = Base; path = Base.lproj/LaunchScreen.storyboard; sourceTree = "<group>"; };
		BDCA8DAE2742611D00195B05 /* Info.plist */ = {isa = PBXFileReference; lastKnownFileType = text.plist.xml; path = Info.plist; sourceTree = "<group>"; };
		BDCA8DB4274275A600195B05 /* Modules */ = {isa = PBXFileReference; lastKnownFileType = folder; path = Modules; sourceTree = "<group>"; };
/* End PBXFileReference section */

/* Begin PBXFrameworksBuildPhase section */
		BDCA8D9A2742611B00195B05 /* Frameworks */ = {
			isa = PBXFrameworksBuildPhase;
			buildActionMask = 2147483647;
			files = (
				BD1B2304274679C100F9B140 /* Localizations in Frameworks */,
				BD2B080727833D070066D559 /* AppFeature in Frameworks */,
				BDC6D5E9279183590028D211 /* PersistenceClient in Frameworks */,
				BD2FEFDB2768CA5C00E80BBC /* APIClientLive in Frameworks */,
			);
			runOnlyForDeploymentPostprocessing = 0;
		};
/* End PBXFrameworksBuildPhase section */

/* Begin PBXGroup section */
		BD1B22FF274657E800F9B140 /* Frameworks */ = {
			isa = PBXGroup;
			children = (
			);
			name = Frameworks;
			sourceTree = "<group>";
		};
		BDCA8D942742611B00195B05 = {
			isa = PBXGroup;
			children = (
				BDCA8D9F2742611B00195B05 /* App */,
				BDCA8DB4274275A600195B05 /* Modules */,
				BDCA8D9E2742611B00195B05 /* Products */,
				BD1B22FF274657E800F9B140 /* Frameworks */,
			);
			sourceTree = "<group>";
		};
		BDCA8D9E2742611B00195B05 /* Products */ = {
			isa = PBXGroup;
			children = (
				BDCA8D9D2742611B00195B05 /* PROJECT_NAME.app */,
			);
			name = Products;
			sourceTree = "<group>";
		};
		BDCA8D9F2742611B00195B05 /* App */ = {
			isa = PBXGroup;
			children = (
				BDCA8DA02742611B00195B05 /* AppDelegate.swift */,
				BDCA8DA92742611D00195B05 /* Assets.xcassets */,
				BDCA8DAB2742611D00195B05 /* LaunchScreen.storyboard */,
				BDCA8DAE2742611D00195B05 /* Info.plist */,
				BD3196E92796CB440077C271 /* Production.xcconfig */,
				BD3196EA2796CB690077C271 /* Test.xcconfig */,
				BD3196EB2796CC900077C271 /* ProjectConfig.swift */,
				BDBB62D3281A677300388A3A /* NStack.plist */,
			);
			path = App;
			sourceTree = "<group>";
		};
/* End PBXGroup section */

/* Begin PBXNativeTarget section */
		BDCA8D9C2742611B00195B05 /* PROJECT_NAME */ = {
			isa = PBXNativeTarget;
			buildConfigurationList = BDCA8DB12742611D00195B05 /* Build configuration list for PBXNativeTarget "PROJECT_NAME" */;
			buildPhases = (
				BD1B230227466B6C00F9B140 /* Localizations */,
				BDCA8D992742611B00195B05 /* Sources */,
				BDCA8D9A2742611B00195B05 /* Frameworks */,
				BDCA8D9B2742611B00195B05 /* Resources */,
				BDDAD7AE274D2FD5000FB7D9 /* Embed Frameworks */,
				BD2B080D2784827F0066D559 /* swift-format */,
			);
			buildRules = (
			);
			dependencies = (
			);
			name = PROJECT_NAME;
			packageProductDependencies = (
				BD1B2303274679C100F9B140 /* Localizations */,
				BD2FEFDA2768CA5C00E80BBC /* APIClientLive */,
				BD2B080627833D070066D559 /* AppFeature */,
				BDC6D5E8279183590028D211 /* PersistenceClient */,
			);
			productName = InStoreApp;
			productReference = BDCA8D9D2742611B00195B05 /* PROJECT_NAME.app */;
			productType = "com.apple.product-type.application";
		};
/* End PBXNativeTarget section */

/* Begin PBXProject section */
		BDCA8D952742611B00195B05 /* Project object */ = {
			isa = PBXProject;
			attributes = {
				BuildIndependentTargetsInParallel = 1;
				LastSwiftUpdateCheck = 1310;
				LastUpgradeCheck = 1310;
				TargetAttributes = {
					BDCA8D9C2742611B00195B05 = {
						CreatedOnToolsVersion = 13.1;
					};
				};
			};
			buildConfigurationList = BDCA8D982742611B00195B05 /* Build configuration list for PBXProject "PROJECT_NAME" */;
			compatibilityVersion = "Xcode 13.0";
			developmentRegion = en;
			hasScannedForEncodings = 0;
			knownRegions = (
				en,
				Base,
			);
			mainGroup = BDCA8D942742611B00195B05;
			packageReferences = (
			);
			productRefGroup = BDCA8D9E2742611B00195B05 /* Products */;
			projectDirPath = "";
			projectRoot = "";
			targets = (
				BDCA8D9C2742611B00195B05 /* PROJECT_NAME */,
			);
		};
/* End PBXProject section */

/* Begin PBXResourcesBuildPhase section */
		BDCA8D9B2742611B00195B05 /* Resources */ = {
			isa = PBXResourcesBuildPhase;
			buildActionMask = 2147483647;
			files = (
				BDBB62D4281A677300388A3A /* NStack.plist in Resources */,
				BDCA8DAD2742611D00195B05 /* LaunchScreen.storyboard in Resources */,
				BDCA8DAA2742611D00195B05 /* Assets.xcassets in Resources */,
			);
			runOnlyForDeploymentPostprocessing = 0;
		};
/* End PBXResourcesBuildPhase section */

/* Begin PBXShellScriptBuildPhase section */
		BD1B230227466B6C00F9B140 /* Localizations */ = {
			isa = PBXShellScriptBuildPhase;
			buildActionMask = 2147483647;
			files = (
			);
			inputFileListPaths = (
			);
			inputPaths = (
			);
			name = Localizations;
			outputFileListPaths = (
			);
			outputPaths = (
			);
			runOnlyForDeploymentPostprocessing = 0;
			shellPath = /bin/sh;
			shellScript = "\nTL_GEN_PATH=\"${SRCROOT}/nstack-localizations-generator.bundle\"\nTL_CONFIG_PATH=\"${SRCROOT}/App/NStack.plist\"\nTL_OUT_PATH=\"${SRCROOT}/Modules/Sources/Localizations\"\n\n# Check if doing a clean build\nif test -f \"${DERIVED_FILE_DIR}/LocalizationsGenerator.lock\"; then\necho \"Not clean build, won't fetch localizations this time.\"\nelse\necho \"Clean build. Getting localizations...\"\n\"${TL_GEN_PATH}/Contents/MacOS/nstack-localizations-generator\" -plist \"${TL_CONFIG_PATH}\" -output \"${TL_OUT_PATH}\" -standalone\nmkdir -p \"${DERIVED_FILE_DIR}\"\ntouch \"${DERIVED_FILE_DIR}/LocalizationsGenerator.lock\" # create lock file\nfi\n\n";
		};
		BD2B080D2784827F0066D559 /* swift-format */ = {
			isa = PBXShellScriptBuildPhase;
			buildActionMask = 2147483647;
			files = (
			);
			inputFileListPaths = (
			);
			inputPaths = (
			);
			name = "swift-format";
			outputFileListPaths = (
			);
			outputPaths = (
			);
			runOnlyForDeploymentPostprocessing = 0;
			shellPath = /bin/sh;
			shellScript = "# Check if doing a clean build\n#if test -f \"${DERIVED_FILE_DIR}/swift-format.lock\"; then\n#    echo \"Not clean build, won't run swift-format this time.\"\n    #if which swift-format >/dev/null; then\n     #   swift-format -m lint -r ${PROJECT_DIR} --configuration swift-format-config.json\n      #  exit 0\n    #else\n    #echo \"warning: swift-format not installed\"\n    #fi\n#elif which swift-format >/dev/null; then\n#    echo \"Clean build. Running swift-format...\"\n#    swift-format -m format -i -r ${PROJECT_DIR} --configuration swift-format-config.json\n#    mkdir -p \"${DERIVED_FILE_DIR}\"\n#    touch \"${DERIVED_FILE_DIR}/swift-format.lock\" # create lock file\n#else\n#    echo \"warning: swift-format not installed\"\n#fi\n\n\n\n\n\n\n";
		};
/* End PBXShellScriptBuildPhase section */

/* Begin PBXSourcesBuildPhase section */
		BDCA8D992742611B00195B05 /* Sources */ = {
			isa = PBXSourcesBuildPhase;
			buildActionMask = 2147483647;
			files = (
				BD3196EC2796EC1F0077C271 /* ProjectConfig.swift in Sources */,
				BDCA8DA12742611B00195B05 /* AppDelegate.swift in Sources */,
			);
			runOnlyForDeploymentPostprocessing = 0;
		};
/* End PBXSourcesBuildPhase section */

/* Begin PBXVariantGroup section */
		BDCA8DAB2742611D00195B05 /* LaunchScreen.storyboard */ = {
			isa = PBXVariantGroup;
			children = (
				BDCA8DAC2742611D00195B05 /* Base */,
			);
			name = LaunchScreen.storyboard;
			sourceTree = "<group>";
		};
/* End PBXVariantGroup section */

/* Begin XCBuildConfiguration section */
		BDA09B442756276400E95F61 /* Test */ = {
			isa = XCBuildConfiguration;
			baseConfigurationReference = BD3196EA2796CB690077C271 /* Test.xcconfig */;
			buildSettings = {
				ALWAYS_SEARCH_USER_PATHS = NO;
				CLANG_ANALYZER_NONNULL = YES;
				CLANG_ANALYZER_NUMBER_OBJECT_CONVERSION = YES_AGGRESSIVE;
				CLANG_CXX_LANGUAGE_STANDARD = "gnu++17";
				CLANG_CXX_LIBRARY = "libc++";
				CLANG_ENABLE_MODULES = YES;
				CLANG_ENABLE_OBJC_ARC = YES;
				CLANG_ENABLE_OBJC_WEAK = YES;
				CLANG_WARN_BLOCK_CAPTURE_AUTORELEASING = YES;
				CLANG_WARN_BOOL_CONVERSION = YES;
				CLANG_WARN_COMMA = YES;
				CLANG_WARN_CONSTANT_CONVERSION = YES;
				CLANG_WARN_DEPRECATED_OBJC_IMPLEMENTATIONS = YES;
				CLANG_WARN_DIRECT_OBJC_ISA_USAGE = YES_ERROR;
				CLANG_WARN_DOCUMENTATION_COMMENTS = YES;
				CLANG_WARN_EMPTY_BODY = YES;
				CLANG_WARN_ENUM_CONVERSION = YES;
				CLANG_WARN_INFINITE_RECURSION = YES;
				CLANG_WARN_INT_CONVERSION = YES;
				CLANG_WARN_NON_LITERAL_NULL_CONVERSION = YES;
				CLANG_WARN_OBJC_IMPLICIT_RETAIN_SELF = YES;
				CLANG_WARN_OBJC_LITERAL_CONVERSION = YES;
				CLANG_WARN_OBJC_ROOT_CLASS = YES_ERROR;
				CLANG_WARN_QUOTED_INCLUDE_IN_FRAMEWORK_HEADER = YES;
				CLANG_WARN_RANGE_LOOP_ANALYSIS = YES;
				CLANG_WARN_STRICT_PROTOTYPES = YES;
				CLANG_WARN_SUSPICIOUS_MOVE = YES;
				CLANG_WARN_UNGUARDED_AVAILABILITY = YES_AGGRESSIVE;
				CLANG_WARN_UNREACHABLE_CODE = YES;
				CLANG_WARN__DUPLICATE_METHOD_MATCH = YES;
				CODE_SIGN_IDENTITY = "";
				COPY_PHASE_STRIP = NO;
				DEBUG_INFORMATION_FORMAT = "dwarf-with-dsym";
				ENABLE_BITCODE = NO;
				ENABLE_NS_ASSERTIONS = NO;
				ENABLE_STRICT_OBJC_MSGSEND = YES;
				GCC_C_LANGUAGE_STANDARD = gnu11;
				GCC_NO_COMMON_BLOCKS = YES;
				GCC_WARN_64_TO_32_BIT_CONVERSION = YES;
				GCC_WARN_ABOUT_RETURN_TYPE = YES_ERROR;
				GCC_WARN_UNDECLARED_SELECTOR = YES;
				GCC_WARN_UNINITIALIZED_AUTOS = YES_AGGRESSIVE;
				GCC_WARN_UNUSED_FUNCTION = YES;
				GCC_WARN_UNUSED_VARIABLE = YES;
				IPHONEOS_DEPLOYMENT_TARGET = 15.0;
				MTL_ENABLE_DEBUG_INFO = NO;
				MTL_FAST_MATH = YES;
				SDKROOT = iphoneos;
				SWIFT_COMPILATION_MODE = wholemodule;
				SWIFT_INCLUDE_PATHS = "";
				SWIFT_OPTIMIZATION_LEVEL = "-O";
				VALIDATE_PRODUCT = YES;
			};
			name = Test;
		};
		BDA09B452756276400E95F61 /* Test */ = {
			isa = XCBuildConfiguration;
			buildSettings = {
				ASSETCATALOG_COMPILER_APPICON_NAME = AppIcon;
				ASSETCATALOG_COMPILER_GLOBAL_ACCENT_COLOR_NAME = AccentColor;
				CODE_SIGN_IDENTITY = "Apple Development";
				CODE_SIGN_STYLE = Automatic;
				CURRENT_PROJECT_VERSION = 39;
				DEVELOPMENT_TEAM = HW27H6H98R;
				GENERATE_INFOPLIST_FILE = YES;
				INFOPLIST_FILE = App/Info.plist;
				INFOPLIST_KEY_NSBluetoothAlwaysUsageDescription = "Vi skal bruge Bluetooth for at kunne printe";
				INFOPLIST_KEY_NSBluetoothPeripheralUsageDescription = "Vi skal bruge Bluetooth for at kunne printe";
				INFOPLIST_KEY_UIApplicationSupportsIndirectInputEvents = YES;
				INFOPLIST_KEY_UILaunchStoryboardName = LaunchScreen;
				INFOPLIST_KEY_UISupportedInterfaceOrientations_iPad = "UIInterfaceOrientationPortrait UIInterfaceOrientationPortraitUpsideDown UIInterfaceOrientationLandscapeLeft UIInterfaceOrientationLandscapeRight";
				INFOPLIST_KEY_UISupportedInterfaceOrientations_iPhone = "UIInterfaceOrientationPortrait UIInterfaceOrientationLandscapeLeft UIInterfaceOrientationLandscapeRight";
				INFOPLIST_OUTPUT_FORMAT = XML;
				LD_RUNPATH_SEARCH_PATHS = (
					"$(inherited)",
					"@executable_path/Frameworks",
				);
				MARKETING_VERSION = 0.1;
				PRODUCT_BUNDLE_IDENTIFIER = "com.monstar-lab.template-test";
				PRODUCT_NAME = "$(TARGET_NAME)";
				PROVISIONING_PROFILE_SPECIFIER = "";
				SWIFT_EMIT_LOC_STRINGS = YES;
				SWIFT_VERSION = 5.0;
				TARGETED_DEVICE_FAMILY = 1;
			};
			name = Test;
		};
		BDCA8DAF2742611D00195B05 /* Debug */ = {
			isa = XCBuildConfiguration;
			baseConfigurationReference = BD3196EA2796CB690077C271 /* Test.xcconfig */;
			buildSettings = {
				ALWAYS_SEARCH_USER_PATHS = NO;
				CLANG_ANALYZER_NONNULL = YES;
				CLANG_ANALYZER_NUMBER_OBJECT_CONVERSION = YES_AGGRESSIVE;
				CLANG_CXX_LANGUAGE_STANDARD = "gnu++17";
				CLANG_CXX_LIBRARY = "libc++";
				CLANG_ENABLE_MODULES = YES;
				CLANG_ENABLE_OBJC_ARC = YES;
				CLANG_ENABLE_OBJC_WEAK = YES;
				CLANG_WARN_BLOCK_CAPTURE_AUTORELEASING = YES;
				CLANG_WARN_BOOL_CONVERSION = YES;
				CLANG_WARN_COMMA = YES;
				CLANG_WARN_CONSTANT_CONVERSION = YES;
				CLANG_WARN_DEPRECATED_OBJC_IMPLEMENTATIONS = YES;
				CLANG_WARN_DIRECT_OBJC_ISA_USAGE = YES_ERROR;
				CLANG_WARN_DOCUMENTATION_COMMENTS = YES;
				CLANG_WARN_EMPTY_BODY = YES;
				CLANG_WARN_ENUM_CONVERSION = YES;
				CLANG_WARN_INFINITE_RECURSION = YES;
				CLANG_WARN_INT_CONVERSION = YES;
				CLANG_WARN_NON_LITERAL_NULL_CONVERSION = YES;
				CLANG_WARN_OBJC_IMPLICIT_RETAIN_SELF = YES;
				CLANG_WARN_OBJC_LITERAL_CONVERSION = YES;
				CLANG_WARN_OBJC_ROOT_CLASS = YES_ERROR;
				CLANG_WARN_QUOTED_INCLUDE_IN_FRAMEWORK_HEADER = YES;
				CLANG_WARN_RANGE_LOOP_ANALYSIS = YES;
				CLANG_WARN_STRICT_PROTOTYPES = YES;
				CLANG_WARN_SUSPICIOUS_MOVE = YES;
				CLANG_WARN_UNGUARDED_AVAILABILITY = YES_AGGRESSIVE;
				CLANG_WARN_UNREACHABLE_CODE = YES;
				CLANG_WARN__DUPLICATE_METHOD_MATCH = YES;
				CODE_SIGN_IDENTITY = "";
				COPY_PHASE_STRIP = NO;
				DEBUG_INFORMATION_FORMAT = dwarf;
				ENABLE_BITCODE = NO;
				ENABLE_STRICT_OBJC_MSGSEND = YES;
				ENABLE_TESTABILITY = YES;
				GCC_C_LANGUAGE_STANDARD = gnu11;
				GCC_DYNAMIC_NO_PIC = NO;
				GCC_NO_COMMON_BLOCKS = YES;
				GCC_OPTIMIZATION_LEVEL = 0;
				GCC_PREPROCESSOR_DEFINITIONS = (
					"DEBUG=1",
					"$(inherited)",
				);
				GCC_WARN_64_TO_32_BIT_CONVERSION = YES;
				GCC_WARN_ABOUT_RETURN_TYPE = YES_ERROR;
				GCC_WARN_UNDECLARED_SELECTOR = YES;
				GCC_WARN_UNINITIALIZED_AUTOS = YES_AGGRESSIVE;
				GCC_WARN_UNUSED_FUNCTION = YES;
				GCC_WARN_UNUSED_VARIABLE = YES;
				IPHONEOS_DEPLOYMENT_TARGET = 15.0;
				MTL_ENABLE_DEBUG_INFO = INCLUDE_SOURCE;
				MTL_FAST_MATH = YES;
				ONLY_ACTIVE_ARCH = YES;
				SDKROOT = iphoneos;
				SWIFT_ACTIVE_COMPILATION_CONDITIONS = DEBUG;
				SWIFT_INCLUDE_PATHS = "";
				SWIFT_OPTIMIZATION_LEVEL = "-Onone";
			};
			name = Debug;
		};
		BDCA8DB02742611D00195B05 /* Release */ = {
			isa = XCBuildConfiguration;
			baseConfigurationReference = BD3196E92796CB440077C271 /* Production.xcconfig */;
			buildSettings = {
				ALWAYS_SEARCH_USER_PATHS = NO;
				CLANG_ANALYZER_NONNULL = YES;
				CLANG_ANALYZER_NUMBER_OBJECT_CONVERSION = YES_AGGRESSIVE;
				CLANG_CXX_LANGUAGE_STANDARD = "gnu++17";
				CLANG_CXX_LIBRARY = "libc++";
				CLANG_ENABLE_MODULES = YES;
				CLANG_ENABLE_OBJC_ARC = YES;
				CLANG_ENABLE_OBJC_WEAK = YES;
				CLANG_WARN_BLOCK_CAPTURE_AUTORELEASING = YES;
				CLANG_WARN_BOOL_CONVERSION = YES;
				CLANG_WARN_COMMA = YES;
				CLANG_WARN_CONSTANT_CONVERSION = YES;
				CLANG_WARN_DEPRECATED_OBJC_IMPLEMENTATIONS = YES;
				CLANG_WARN_DIRECT_OBJC_ISA_USAGE = YES_ERROR;
				CLANG_WARN_DOCUMENTATION_COMMENTS = YES;
				CLANG_WARN_EMPTY_BODY = YES;
				CLANG_WARN_ENUM_CONVERSION = YES;
				CLANG_WARN_INFINITE_RECURSION = YES;
				CLANG_WARN_INT_CONVERSION = YES;
				CLANG_WARN_NON_LITERAL_NULL_CONVERSION = YES;
				CLANG_WARN_OBJC_IMPLICIT_RETAIN_SELF = YES;
				CLANG_WARN_OBJC_LITERAL_CONVERSION = YES;
				CLANG_WARN_OBJC_ROOT_CLASS = YES_ERROR;
				CLANG_WARN_QUOTED_INCLUDE_IN_FRAMEWORK_HEADER = YES;
				CLANG_WARN_RANGE_LOOP_ANALYSIS = YES;
				CLANG_WARN_STRICT_PROTOTYPES = YES;
				CLANG_WARN_SUSPICIOUS_MOVE = YES;
				CLANG_WARN_UNGUARDED_AVAILABILITY = YES_AGGRESSIVE;
				CLANG_WARN_UNREACHABLE_CODE = YES;
				CLANG_WARN__DUPLICATE_METHOD_MATCH = YES;
				CODE_SIGN_IDENTITY = "";
				COPY_PHASE_STRIP = NO;
				DEBUG_INFORMATION_FORMAT = "dwarf-with-dsym";
				ENABLE_BITCODE = NO;
				ENABLE_NS_ASSERTIONS = NO;
				ENABLE_STRICT_OBJC_MSGSEND = YES;
				GCC_C_LANGUAGE_STANDARD = gnu11;
				GCC_NO_COMMON_BLOCKS = YES;
				GCC_WARN_64_TO_32_BIT_CONVERSION = YES;
				GCC_WARN_ABOUT_RETURN_TYPE = YES_ERROR;
				GCC_WARN_UNDECLARED_SELECTOR = YES;
				GCC_WARN_UNINITIALIZED_AUTOS = YES_AGGRESSIVE;
				GCC_WARN_UNUSED_FUNCTION = YES;
				GCC_WARN_UNUSED_VARIABLE = YES;
				IPHONEOS_DEPLOYMENT_TARGET = 15.0;
				MTL_ENABLE_DEBUG_INFO = NO;
				MTL_FAST_MATH = YES;
				SDKROOT = iphoneos;
				SWIFT_COMPILATION_MODE = wholemodule;
				SWIFT_INCLUDE_PATHS = "";
				SWIFT_OPTIMIZATION_LEVEL = "-O";
				VALIDATE_PRODUCT = YES;
			};
			name = Release;
		};
		BDCA8DB22742611D00195B05 /* Debug */ = {
			isa = XCBuildConfiguration;
			buildSettings = {
				ASSETCATALOG_COMPILER_APPICON_NAME = AppIcon;
				ASSETCATALOG_COMPILER_GLOBAL_ACCENT_COLOR_NAME = AccentColor;
				CODE_SIGN_STYLE = Automatic;
				CURRENT_PROJECT_VERSION = 39;
				DEVELOPMENT_TEAM = HW27H6H98R;
				GENERATE_INFOPLIST_FILE = YES;
				INFOPLIST_FILE = App/Info.plist;
				INFOPLIST_KEY_NSBluetoothAlwaysUsageDescription = "Vi skal bruge Bluetooth for at kunne printe";
				INFOPLIST_KEY_NSBluetoothPeripheralUsageDescription = "Vi skal bruge Bluetooth for at kunne printe";
				INFOPLIST_KEY_UIApplicationSupportsIndirectInputEvents = YES;
				INFOPLIST_KEY_UILaunchStoryboardName = LaunchScreen;
				INFOPLIST_KEY_UISupportedInterfaceOrientations_iPad = "UIInterfaceOrientationPortrait UIInterfaceOrientationPortraitUpsideDown UIInterfaceOrientationLandscapeLeft UIInterfaceOrientationLandscapeRight";
				INFOPLIST_KEY_UISupportedInterfaceOrientations_iPhone = "UIInterfaceOrientationPortrait UIInterfaceOrientationLandscapeLeft UIInterfaceOrientationLandscapeRight";
				INFOPLIST_OUTPUT_FORMAT = XML;
				LD_RUNPATH_SEARCH_PATHS = (
					"$(inherited)",
					"@executable_path/Frameworks",
				);
				MARKETING_VERSION = 0.1;
				PRODUCT_BUNDLE_IDENTIFIER = "com.monstar-lab.template-debug";
				PRODUCT_NAME = "$(TARGET_NAME)";
				SWIFT_EMIT_LOC_STRINGS = YES;
				SWIFT_VERSION = 5.0;
				TARGETED_DEVICE_FAMILY = 1;
			};
			name = Debug;
		};
		BDCA8DB32742611D00195B05 /* Release */ = {
			isa = XCBuildConfiguration;
			buildSettings = {
				ASSETCATALOG_COMPILER_APPICON_NAME = AppIcon;
				ASSETCATALOG_COMPILER_GLOBAL_ACCENT_COLOR_NAME = AccentColor;
				CODE_SIGN_IDENTITY = "Apple Development";
				CODE_SIGN_STYLE = Automatic;
				CURRENT_PROJECT_VERSION = 39;
				DEVELOPMENT_TEAM = HW27H6H98R;
				GENERATE_INFOPLIST_FILE = YES;
				INFOPLIST_FILE = App/Info.plist;
				INFOPLIST_KEY_NSBluetoothAlwaysUsageDescription = "Vi skal bruge Bluetooth for at kunne printe";
				INFOPLIST_KEY_NSBluetoothPeripheralUsageDescription = "Vi skal bruge Bluetooth for at kunne printe";
				INFOPLIST_KEY_UIApplicationSupportsIndirectInputEvents = YES;
				INFOPLIST_KEY_UILaunchStoryboardName = LaunchScreen;
				INFOPLIST_KEY_UISupportedInterfaceOrientations_iPad = "UIInterfaceOrientationPortrait UIInterfaceOrientationPortraitUpsideDown UIInterfaceOrientationLandscapeLeft UIInterfaceOrientationLandscapeRight";
				INFOPLIST_KEY_UISupportedInterfaceOrientations_iPhone = "UIInterfaceOrientationPortrait UIInterfaceOrientationLandscapeLeft UIInterfaceOrientationLandscapeRight";
				INFOPLIST_OUTPUT_FORMAT = XML;
				LD_RUNPATH_SEARCH_PATHS = (
					"$(inherited)",
					"@executable_path/Frameworks",
				);
				MARKETING_VERSION = 0.1;
				PRODUCT_BUNDLE_IDENTIFIER = "com.monstar-lab.template.InStoreApp";
				PRODUCT_NAME = "$(TARGET_NAME)";
				PROVISIONING_PROFILE_SPECIFIER = "";
				SWIFT_EMIT_LOC_STRINGS = YES;
				SWIFT_VERSION = 5.0;
				TARGETED_DEVICE_FAMILY = 1;
			};
			name = Release;
		};
/* End XCBuildConfiguration section */

/* Begin XCConfigurationList section */
		BDCA8D982742611B00195B05 /* Build configuration list for PBXProject "PROJECT_NAME" */ = {
			isa = XCConfigurationList;
			buildConfigurations = (
				BDCA8DAF2742611D00195B05 /* Debug */,
				BDCA8DB02742611D00195B05 /* Release */,
				BDA09B442756276400E95F61 /* Test */,
			);
			defaultConfigurationIsVisible = 0;
			defaultConfigurationName = Release;
		};
		BDCA8DB12742611D00195B05 /* Build configuration list for PBXNativeTarget "PROJECT_NAME" */ = {
			isa = XCConfigurationList;
			buildConfigurations = (
				BDCA8DB22742611D00195B05 /* Debug */,
				BDCA8DB32742611D00195B05 /* Release */,
				BDA09B452756276400E95F61 /* Test */,
			);
			defaultConfigurationIsVisible = 0;
			defaultConfigurationName = Release;
		};
/* End XCConfigurationList section */

/* Begin XCSwiftPackageProductDependency section */
		BD1B2303274679C100F9B140 /* Localizations */ = {
			isa = XCSwiftPackageProductDependency;
			productName = Localizations;
		};
		BD2B080627833D070066D559 /* AppFeature */ = {
			isa = XCSwiftPackageProductDependency;
			productName = AppFeature;
		};
		BD2FEFDA2768CA5C00E80BBC /* APIClientLive */ = {
			isa = XCSwiftPackageProductDependency;
			productName = APIClientLive;
		};
		BDC6D5E8279183590028D211 /* PersistenceClient */ = {
			isa = XCSwiftPackageProductDependency;
			productName = PersistenceClient;
		};
/* End XCSwiftPackageProductDependency section */
	};
	rootObject = BDCA8D952742611B00195B05 /* Project object */;
}
